
Microsoft Visual Studio Solution File, Format Version 12.00
# Visual Studio Version 17
VisualStudioVersion = 17.0.32112.339
MinimumVisualStudioVersion = 10.0.40219.1
Project("{9A19103F-16F7-4668-BE54-9A1E7A4F7556}") = "WildlifeMortalities.App", "src\WildlifeMortalities.App\WildlifeMortalities.App.csproj", "{B307CC64-A74D-41C2-83FD-7A4BA827B1FE}"
EndProject
Project("{9A19103F-16F7-4668-BE54-9A1E7A4F7556}") = "WildlifeMortalities.Data", "src\WildlifeMortalities.Data\WildlifeMortalities.Data.csproj", "{339319BE-5E55-4D65-8E25-32B5B4270DB6}"
EndProject
Project("{9A19103F-16F7-4668-BE54-9A1E7A4F7556}") = "WildlifeMortalities.DataSeeder", "src\WildlifeMortalities.DataSeeder\WildlifeMortalities.DataSeeder.csproj", "{BEDF5FB7-87ED-4E35-987F-9173CE7D24FF}"
EndProject
Project("{2150E333-8FDC-42A3-9474-1A3956D46DE8}") = "Solution Items", "Solution Items", "{43D67005-B380-4E90-AAF8-AC4FA24753B5}"
	ProjectSection(SolutionItems) = preProject
		.editorconfig = .editorconfig
	EndProjectSection
EndProject
Project("{9A19103F-16F7-4668-BE54-9A1E7A4F7556}") = "WildlifeMortalities.Shared", "src\WildlifeMortalities.Shared\WildlifeMortalities.Shared.csproj", "{7C000AF2-65B7-48EB-B4C3-D0A4782D150E}"
EndProject
Project("{9A19103F-16F7-4668-BE54-9A1E7A4F7556}") = "WildlifeMortalities.Test", "src\WildlifeMortalities.Test\WildlifeMortalities.Test.csproj", "{F780DA95-81D5-440B-92F0-F0F6E0F6DB3E}"
EndProject
Project("{9A19103F-16F7-4668-BE54-9A1E7A4F7556}") = "WildlifeMortalities.PosseExampleApi", "src\WildlifeMortalities.PosseExampleApi\WildlifeMortalities.PosseExampleApi.csproj", "{D041409C-4124-40C3-9231-3725D7CAC56A}"
EndProject
Global
	GlobalSection(SolutionConfigurationPlatforms) = preSolution
		Debug|Any CPU = Debug|Any CPU
		Release|Any CPU = Release|Any CPU
	EndGlobalSection
	GlobalSection(ProjectConfigurationPlatforms) = postSolution
		{B307CC64-A74D-41C2-83FD-7A4BA827B1FE}.Debug|Any CPU.ActiveCfg = Debug|Any CPU
		{B307CC64-A74D-41C2-83FD-7A4BA827B1FE}.Debug|Any CPU.Build.0 = Debug|Any CPU
		{B307CC64-A74D-41C2-83FD-7A4BA827B1FE}.Release|Any CPU.ActiveCfg = Release|Any CPU
		{B307CC64-A74D-41C2-83FD-7A4BA827B1FE}.Release|Any CPU.Build.0 = Release|Any CPU
		{339319BE-5E55-4D65-8E25-32B5B4270DB6}.Debug|Any CPU.ActiveCfg = Debug|Any CPU
		{339319BE-5E55-4D65-8E25-32B5B4270DB6}.Debug|Any CPU.Build.0 = Debug|Any CPU
		{339319BE-5E55-4D65-8E25-32B5B4270DB6}.Release|Any CPU.ActiveCfg = Release|Any CPU
		{339319BE-5E55-4D65-8E25-32B5B4270DB6}.Release|Any CPU.Build.0 = Release|Any CPU
		{BEDF5FB7-87ED-4E35-987F-9173CE7D24FF}.Debug|Any CPU.ActiveCfg = Debug|Any CPU
		{BEDF5FB7-87ED-4E35-987F-9173CE7D24FF}.Debug|Any CPU.Build.0 = Debug|Any CPU
		{BEDF5FB7-87ED-4E35-987F-9173CE7D24FF}.Release|Any CPU.ActiveCfg = Release|Any CPU
		{BEDF5FB7-87ED-4E35-987F-9173CE7D24FF}.Release|Any CPU.Build.0 = Release|Any CPU
		{7C000AF2-65B7-48EB-B4C3-D0A4782D150E}.Debug|Any CPU.ActiveCfg = Debug|Any CPU
		{7C000AF2-65B7-48EB-B4C3-D0A4782D150E}.Debug|Any CPU.Build.0 = Debug|Any CPU
		{7C000AF2-65B7-48EB-B4C3-D0A4782D150E}.Release|Any CPU.ActiveCfg = Release|Any CPU
		{7C000AF2-65B7-48EB-B4C3-D0A4782D150E}.Release|Any CPU.Build.0 = Release|Any CPU
		{F780DA95-81D5-440B-92F0-F0F6E0F6DB3E}.Debug|Any CPU.ActiveCfg = Debug|Any CPU
		{F780DA95-81D5-440B-92F0-F0F6E0F6DB3E}.Debug|Any CPU.Build.0 = Debug|Any CPU
		{F780DA95-81D5-440B-92F0-F0F6E0F6DB3E}.Release|Any CPU.ActiveCfg = Release|Any CPU
		{F780DA95-81D5-440B-92F0-F0F6E0F6DB3E}.Release|Any CPU.Build.0 = Release|Any CPU
		{D041409C-4124-40C3-9231-3725D7CAC56A}.Debug|Any CPU.ActiveCfg = Debug|Any CPU
		{D041409C-4124-40C3-9231-3725D7CAC56A}.Debug|Any CPU.Build.0 = Debug|Any CPU
		{D041409C-4124-40C3-9231-3725D7CAC56A}.Release|Any CPU.ActiveCfg = Release|Any CPU
		{D041409C-4124-40C3-9231-3725D7CAC56A}.Release|Any CPU.Build.0 = Release|Any CPU
	EndGlobalSection
	GlobalSection(SolutionProperties) = preSolution
		HideSolutionNode = FALSE
	EndGlobalSection
	GlobalSection(ExtensibilityGlobals) = postSolution
		SolutionGuid = {25616F2C-686E-4E40-AC04-767EC9763B8C}
	EndGlobalSection
EndGlobal
